
Microsoft Visual Studio Solution File, Format Version 12.00
# Visual Studio Version 17
VisualStudioVersion = 17.4.33403.182
MinimumVisualStudioVersion = 10.0.40219.1
Project("{9A19103F-16F7-4668-BE54-9A1E7A4F7556}") = "UI", "UI\UI.csproj", "{0951F377-DBFD-40B4-A032-A10BA0B37FDD}"
EndProject
Project("{9A19103F-16F7-4668-BE54-9A1E7A4F7556}") = "DAO", "Data\DAO.csproj", "{440BC5FA-FF8B-42C4-95CC-C7C5156B89EA}"
EndProject
Project("{9A19103F-16F7-4668-BE54-9A1E7A4F7556}") = "Domain", "Domain\Domain.csproj", "{5B600F6F-54D1-4348-ACDD-9AEDAE417A38}"
EndProject
Project("{9A19103F-16F7-4668-BE54-9A1E7A4F7556}") = "TestApp", "TestApp\TestApp.csproj", "{258D1F72-DC43-4CD5-B2AD-228DC9DB660D}"
EndProject
Global
	GlobalSection(SolutionConfigurationPlatforms) = preSolution
		Debug|Any CPU = Debug|Any CPU
		Release|Any CPU = Release|Any CPU
	EndGlobalSection
	GlobalSection(ProjectConfigurationPlatforms) = postSolution
		{0951F377-DBFD-40B4-A032-A10BA0B37FDD}.Debug|Any CPU.ActiveCfg = Debug|Any CPU
		{0951F377-DBFD-40B4-A032-A10BA0B37FDD}.Debug|Any CPU.Build.0 = Debug|Any CPU
		{0951F377-DBFD-40B4-A032-A10BA0B37FDD}.Release|Any CPU.ActiveCfg = Release|Any CPU
		{0951F377-DBFD-40B4-A032-A10BA0B37FDD}.Release|Any CPU.Build.0 = Release|Any CPU
		{440BC5FA-FF8B-42C4-95CC-C7C5156B89EA}.Debug|Any CPU.ActiveCfg = Debug|Any CPU
		{440BC5FA-FF8B-42C4-95CC-C7C5156B89EA}.Debug|Any CPU.Build.0 = Debug|Any CPU
		{440BC5FA-FF8B-42C4-95CC-C7C5156B89EA}.Release|Any CPU.ActiveCfg = Release|Any CPU
		{440BC5FA-FF8B-42C4-95CC-C7C5156B89EA}.Release|Any CPU.Build.0 = Release|Any CPU
		{5B600F6F-54D1-4348-ACDD-9AEDAE417A38}.Debug|Any CPU.ActiveCfg = Debug|Any CPU
		{5B600F6F-54D1-4348-ACDD-9AEDAE417A38}.Debug|Any CPU.Build.0 = Debug|Any CPU
		{5B600F6F-54D1-4348-ACDD-9AEDAE417A38}.Release|Any CPU.ActiveCfg = Release|Any CPU
		{5B600F6F-54D1-4348-ACDD-9AEDAE417A38}.Release|Any CPU.Build.0 = Release|Any CPU
		{258D1F72-DC43-4CD5-B2AD-228DC9DB660D}.Debug|Any CPU.ActiveCfg = Debug|Any CPU
		{258D1F72-DC43-4CD5-B2AD-228DC9DB660D}.Debug|Any CPU.Build.0 = Debug|Any CPU
		{258D1F72-DC43-4CD5-B2AD-228DC9DB660D}.Release|Any CPU.ActiveCfg = Release|Any CPU
		{258D1F72-DC43-4CD5-B2AD-228DC9DB660D}.Release|Any CPU.Build.0 = Release|Any CPU
	EndGlobalSection
	GlobalSection(SolutionProperties) = preSolution
		HideSolutionNode = FALSE
	EndGlobalSection
	GlobalSection(ExtensibilityGlobals) = postSolution
		SolutionGuid = {35EE3619-7232-423C-A5A5-E6D5DB9E0420}
	EndGlobalSection
EndGlobal
